
Microsoft Visual Studio Solution File, Format Version 12.00
# Visual Studio Version 17
VisualStudioVersion = 17.14.37216.2
MinimumVisualStudioVersion = 10.0.40219.1
Project("{2150E333-8FDC-42A3-9474-1A3956D46DE8}") = "01 - Testes de Unidade", "01 - Testes de Unidade", "{7431B090-D75F-4433-9F36-04B39A82281A}"
EndProject
Project("{2150E333-8FDC-42A3-9474-1A3956D46DE8}") = "1.1 - Testes Basicos", "1.1 - Testes Basicos", "{BFB42658-9528-4813-9813-575D8B4F733E}"
EndProject
Project("{9A19103F-16F7-4668-BE54-9A1E7A4F7556}") = "Demo", "01 - Testes de Unidade\Demo\Demo.csproj", "{246D1323-401C-49DA-AB69-8354BA2CAC2A}"
EndProject
Project("{2150E333-8FDC-42A3-9474-1A3956D46DE8}") = "2.2 - Features", "2.2 - Features", "{2D5A96F8-7FED-413E-A88D-6EAF047D5DBB}"
EndProject
Project("{9A19103F-16F7-4668-BE54-9A1E7A4F7556}") = "Features", "01 - Testes de Unidade\Features\Features.csproj", "{F3227277-7CCF-4854-AB36-0D0D6BBA47BB}"
EndProject
Project("{9A19103F-16F7-4668-BE54-9A1E7A4F7556}") = "Features.Tests", "01 - Testes de Unidade\Features.Tests\Features.Tests.csproj", "{AFF5C7A0-A49F-4EFA-9732-8728A4AD68C9}"
EndProject
Project("{FAE04EC0-301F-11D3-BF4B-00C04F79EFBC}") = "Demo.Tests", "01 - Testes de Unidade\Demo.Tests\Demo.Tests\Demo.Tests.csproj", "{9C2CED14-4F3B-47D9-AEF9-DECB99AD8D90}"
EndProject
Project("{2150E333-8FDC-42A3-9474-1A3956D46DE8}") = "02 - TDD", "02 - TDD", "{02EA681E-C7D8-13C7-8484-4AC65E1B71E8}"
EndProject
Project("{2150E333-8FDC-42A3-9474-1A3956D46DE8}") = "Tests", "Tests", "{3248DDEE-3512-431E-90EE-F020ED1B643B}"
EndProject
Project("{FAE04EC0-301F-11D3-BF4B-00C04F79EFBC}") = "NerdStore.Vendas.Application.Tests", "02 - TDD\tests\NerdStore.Vendas.Application.Tests\NerdStore.Vendas.Application.Tests.csproj", "{BEB209BF-B47F-4EE8-BD6B-2B1A08B9BCD2}"
EndProject
Project("{FAE04EC0-301F-11D3-BF4B-00C04F79EFBC}") = "NerdStore.Vendas.Domain.Tests", "02 - TDD\tests\NerdStore.Vendas.Domain.Tests\NerdStore.Vendas.Domain.Tests.csproj", "{8E6B435D-5B45-422E-8F92-9EF275AB35B1}"
EndProject
Project("{FAE04EC0-301F-11D3-BF4B-00C04F79EFBC}") = "NerdStore.Vendas.Domain", "02 - TDD\src\NerdStore.Vendas.Domain\NerdStore.Vendas.Domain.csproj", "{9CE965B4-B85B-4A02-BA52-670D4A64C089}"
EndProject
Project("{FAE04EC0-301F-11D3-BF4B-00C04F79EFBC}") = "NerdStore.Vendas.Application", "02 - TDD\src\NerdStore.Vendas.Application\NerdStore.Vendas.Application.csproj", "{0FB326B6-92C2-4AED-BAA9-A0C9EE1990DF}"
EndProject
Project("{FAE04EC0-301F-11D3-BF4B-00C04F79EFBC}") = "NerdStore.Core", "02 - TDD\src\NerdStore.Core\NerdStore.Core.csproj", "{5F41401B-912A-4296-B6D9-F0141E7AF934}"
EndProject
Project("{FAE04EC0-301F-11D3-BF4B-00C04F79EFBC}") = "NerdStore.Vendas.Data", "02 - TDD\src\NerdStore.Vendas.Data\NerdStore.Vendas.Data.csproj", "{459BE92F-A296-4A87-8F3E-A62321689581}"
EndProject
Project("{2150E333-8FDC-42A3-9474-1A3956D46DE8}") = "03 - Testes de Integracao", "03 - Testes de Integracao", "{8936FFD4-B539-4F6A-A93E-4AFA853EF2C1}"
EndProject
Project("{FAE04EC0-301F-11D3-BF4B-00C04F79EFBC}") = "NerdStore.Catalogo", "03 - Testes de Integracao\src\NerdStore.Catalogo\NerdStore.Catalogo.csproj", "{B55340FF-4CE5-43EE-BA9D-2242BE74BF5E}"
EndProject
Project("{FAE04EC0-301F-11D3-BF4B-00C04F79EFBC}") = "NerdStore.Catalogo.Application", "03 - Testes de Integracao\src\NerdStore.Catalogo.Application\NerdStore.Catalogo.Application.csproj", "{1BFB522A-E78D-4A56-AE74-4E62BAEF1941}"
EndProject
Project("{FAE04EC0-301F-11D3-BF4B-00C04F79EFBC}") = "NerdStore.Catalogo.Data", "03 - Testes de Integracao\src\NerdStore.Catalogo.Data\NerdStore.Catalogo.Data.csproj", "{2995FEAC-C0DE-4F1B-8BC1-8582295A196B}"
EndProject
Project("{FAE04EC0-301F-11D3-BF4B-00C04F79EFBC}") = "NerdStore.Catalogo.Domain", "03 - Testes de Integracao\src\NerdStore.Catalogo.Domain\NerdStore.Catalogo.Domain.csproj", "{8B6C8B10-4B1D-45DF-A0F1-C6D33252B27F}"
EndProject
Project("{FAE04EC0-301F-11D3-BF4B-00C04F79EFBC}") = "NerdStore.WebApp.MVC", "03 - Testes de Integracao\src\NerdStore.WebApp.MVC\NerdStore.WebApp.MVC.csproj", "{3222E380-A0BC-4A17-A43C-4D499B385FCF}"
EndProject
Project("{2150E333-8FDC-42A3-9474-1A3956D46DE8}") = "4 - BDD", "4 - BDD", "{C0201EAE-862F-42E6-9DB1-020A6FD6A483}"
EndProject
Project("{FAE04EC0-301F-11D3-BF4B-00C04F79EFBC}") = "NerdStore.BDD.Tests", "04 - BDD\tests\NerdStore.BDD.Tests\NerdStore.BDD.Tests.csproj", "{EA69DB04-865C-4B0F-9077-59DA62925723}"
EndProject
Global
	GlobalSection(SolutionConfigurationPlatforms) = preSolution
		Debug|Any CPU = Debug|Any CPU
		Release|Any CPU = Release|Any CPU
	EndGlobalSection
	GlobalSection(ProjectConfigurationPlatforms) = postSolution
		{246D1323-401C-49DA-AB69-8354BA2CAC2A}.Debug|Any CPU.ActiveCfg = Debug|Any CPU
		{246D1323-401C-49DA-AB69-8354BA2CAC2A}.Debug|Any CPU.Build.0 = Debug|Any CPU
		{246D1323-401C-49DA-AB69-8354BA2CAC2A}.Release|Any CPU.ActiveCfg = Release|Any CPU
		{246D1323-401C-49DA-AB69-8354BA2CAC2A}.Release|Any CPU.Build.0 = Release|Any CPU
		{F3227277-7CCF-4854-AB36-0D0D6BBA47BB}.Debug|Any CPU.ActiveCfg = Debug|Any CPU
		{F3227277-7CCF-4854-AB36-0D0D6BBA47BB}.Debug|Any CPU.Build.0 = Debug|Any CPU
		{F3227277-7CCF-4854-AB36-0D0D6BBA47BB}.Release|Any CPU.ActiveCfg = Release|Any CPU
		{F3227277-7CCF-4854-AB36-0D0D6BBA47BB}.Release|Any CPU.Build.0 = Release|Any CPU
		{AFF5C7A0-A49F-4EFA-9732-8728A4AD68C9}.Debug|Any CPU.ActiveCfg = Debug|Any CPU
		{AFF5C7A0-A49F-4EFA-9732-8728A4AD68C9}.Debug|Any CPU.Build.0 = Debug|Any CPU
		{AFF5C7A0-A49F-4EFA-9732-8728A4AD68C9}.Release|Any CPU.ActiveCfg = Release|Any CPU
		{AFF5C7A0-A49F-4EFA-9732-8728A4AD68C9}.Release|Any CPU.Build.0 = Release|Any CPU
		{9C2CED14-4F3B-47D9-AEF9-DECB99AD8D90}.Debug|Any CPU.ActiveCfg = Debug|Any CPU
		{9C2CED14-4F3B-47D9-AEF9-DECB99AD8D90}.Debug|Any CPU.Build.0 = Debug|Any CPU
		{9C2CED14-4F3B-47D9-AEF9-DECB99AD8D90}.Release|Any CPU.ActiveCfg = Release|Any CPU
		{9C2CED14-4F3B-47D9-AEF9-DECB99AD8D90}.Release|Any CPU.Build.0 = Release|Any CPU
		{BEB209BF-B47F-4EE8-BD6B-2B1A08B9BCD2}.Debug|Any CPU.ActiveCfg = Debug|Any CPU
		{BEB209BF-B47F-4EE8-BD6B-2B1A08B9BCD2}.Debug|Any CPU.Build.0 = Debug|Any CPU
		{BEB209BF-B47F-4EE8-BD6B-2B1A08B9BCD2}.Release|Any CPU.ActiveCfg = Release|Any CPU
		{BEB209BF-B47F-4EE8-BD6B-2B1A08B9BCD2}.Release|Any CPU.Build.0 = Release|Any CPU
		{8E6B435D-5B45-422E-8F92-9EF275AB35B1}.Debug|Any CPU.ActiveCfg = Debug|Any CPU
		{8E6B435D-5B45-422E-8F92-9EF275AB35B1}.Debug|Any CPU.Build.0 = Debug|Any CPU
		{8E6B435D-5B45-422E-8F92-9EF275AB35B1}.Release|Any CPU.ActiveCfg = Release|Any CPU
		{8E6B435D-5B45-422E-8F92-9EF275AB35B1}.Release|Any CPU.Build.0 = Release|Any CPU
		{9CE965B4-B85B-4A02-BA52-670D4A64C089}.Debug|Any CPU.ActiveCfg = Debug|Any CPU
		{9CE965B4-B85B-4A02-BA52-670D4A64C089}.Debug|Any CPU.Build.0 = Debug|Any CPU
		{9CE965B4-B85B-4A02-BA52-670D4A64C089}.Release|Any CPU.ActiveCfg = Release|Any CPU
		{9CE965B4-B85B-4A02-BA52-670D4A64C089}.Release|Any CPU.Build.0 = Release|Any CPU
		{0FB326B6-92C2-4AED-BAA9-A0C9EE1990DF}.Debug|Any CPU.ActiveCfg = Debug|Any CPU
		{0FB326B6-92C2-4AED-BAA9-A0C9EE1990DF}.Debug|Any CPU.Build.0 = Debug|Any CPU
		{0FB326B6-92C2-4AED-BAA9-A0C9EE1990DF}.Release|Any CPU.ActiveCfg = Release|Any CPU
		{0FB326B6-92C2-4AED-BAA9-A0C9EE1990DF}.Release|Any CPU.Build.0 = Release|Any CPU
		{5F41401B-912A-4296-B6D9-F0141E7AF934}.Debug|Any CPU.ActiveCfg = Debug|Any CPU
		{5F41401B-912A-4296-B6D9-F0141E7AF934}.Debug|Any CPU.Build.0 = Debug|Any CPU
		{5F41401B-912A-4296-B6D9-F0141E7AF934}.Release|Any CPU.ActiveCfg = Release|Any CPU
		{5F41401B-912A-4296-B6D9-F0141E7AF934}.Release|Any CPU.Build.0 = Release|Any CPU
		{459BE92F-A296-4A87-8F3E-A62321689581}.Debug|Any CPU.ActiveCfg = Debug|Any CPU
		{459BE92F-A296-4A87-8F3E-A62321689581}.Debug|Any CPU.Build.0 = Debug|Any CPU
		{459BE92F-A296-4A87-8F3E-A62321689581}.Release|Any CPU.ActiveCfg = Release|Any CPU
		{459BE92F-A296-4A87-8F3E-A62321689581}.Release|Any CPU.Build.0 = Release|Any CPU
		{B55340FF-4CE5-43EE-BA9D-2242BE74BF5E}.Debug|Any CPU.ActiveCfg = Debug|Any CPU
		{B55340FF-4CE5-43EE-BA9D-2242BE74BF5E}.Debug|Any CPU.Build.0 = Debug|Any CPU
		{B55340FF-4CE5-43EE-BA9D-2242BE74BF5E}.Release|Any CPU.ActiveCfg = Release|Any CPU
		{B55340FF-4CE5-43EE-BA9D-2242BE74BF5E}.Release|Any CPU.Build.0 = Release|Any CPU
		{1BFB522A-E78D-4A56-AE74-4E62BAEF1941}.Debug|Any CPU.ActiveCfg = Debug|Any CPU
		{1BFB522A-E78D-4A56-AE74-4E62BAEF1941}.Debug|Any CPU.Build.0 = Debug|Any CPU
		{1BFB522A-E78D-4A56-AE74-4E62BAEF1941}.Release|Any CPU.ActiveCfg = Release|Any CPU
		{1BFB522A-E78D-4A56-AE74-4E62BAEF1941}.Release|Any CPU.Build.0 = Release|Any CPU
		{2995FEAC-C0DE-4F1B-8BC1-8582295A196B}.Debug|Any CPU.ActiveCfg = Debug|Any CPU
		{2995FEAC-C0DE-4F1B-8BC1-8582295A196B}.Debug|Any CPU.Build.0 = Debug|Any CPU
		{2995FEAC-C0DE-4F1B-8BC1-8582295A196B}.Release|Any CPU.ActiveCfg = Release|Any CPU
		{2995FEAC-C0DE-4F1B-8BC1-8582295A196B}.Release|Any CPU.Build.0 = Release|Any CPU
		{8B6C8B10-4B1D-45DF-A0F1-C6D33252B27F}.Debug|Any CPU.ActiveCfg = Debug|Any CPU
		{8B6C8B10-4B1D-45DF-A0F1-C6D33252B27F}.Debug|Any CPU.Build.0 = Debug|Any CPU
		{8B6C8B10-4B1D-45DF-A0F1-C6D33252B27F}.Release|Any CPU.ActiveCfg = Release|Any CPU
		{8B6C8B10-4B1D-45DF-A0F1-C6D33252B27F}.Release|Any CPU.Build.0 = Release|Any CPU
		{3222E380-A0BC-4A17-A43C-4D499B385FCF}.Debug|Any CPU.ActiveCfg = Debug|Any CPU
		{3222E380-A0BC-4A17-A43C-4D499B385FCF}.Debug|Any CPU.Build.0 = Debug|Any CPU
		{3222E380-A0BC-4A17-A43C-4D499B385FCF}.Release|Any CPU.ActiveCfg = Release|Any CPU
		{3222E380-A0BC-4A17-A43C-4D499B385FCF}.Release|Any CPU.Build.0 = Release|Any CPU
		{EA69DB04-865C-4B0F-9077-59DA62925723}.Debug|Any CPU.ActiveCfg = Debug|Any CPU
		{EA69DB04-865C-4B0F-9077-59DA62925723}.Debug|Any CPU.Build.0 = Debug|Any CPU
		{EA69DB04-865C-4B0F-9077-59DA62925723}.Release|Any CPU.ActiveCfg = Release|Any CPU
		{EA69DB04-865C-4B0F-9077-59DA62925723}.Release|Any CPU.Build.0 = Release|Any CPU
	EndGlobalSection
	GlobalSection(SolutionProperties) = preSolution
		HideSolutionNode = FALSE
	EndGlobalSection
	GlobalSection(NestedProjects) = preSolution
		{BFB42658-9528-4813-9813-575D8B4F733E} = {7431B090-D75F-4433-9F36-04B39A82281A}
		{246D1323-401C-49DA-AB69-8354BA2CAC2A} = {BFB42658-9528-4813-9813-575D8B4F733E}
		{2D5A96F8-7FED-413E-A88D-6EAF047D5DBB} = {7431B090-D75F-4433-9F36-04B39A82281A}
		{F3227277-7CCF-4854-AB36-0D0D6BBA47BB} = {2D5A96F8-7FED-413E-A88D-6EAF047D5DBB}
		{AFF5C7A0-A49F-4EFA-9732-8728A4AD68C9} = {2D5A96F8-7FED-413E-A88D-6EAF047D5DBB}
		{9C2CED14-4F3B-47D9-AEF9-DECB99AD8D90} = {BFB42658-9528-4813-9813-575D8B4F733E}
		{3248DDEE-3512-431E-90EE-F020ED1B643B} = {02EA681E-C7D8-13C7-8484-4AC65E1B71E8}
		{BEB209BF-B47F-4EE8-BD6B-2B1A08B9BCD2} = {3248DDEE-3512-431E-90EE-F020ED1B643B}
		{8E6B435D-5B45-422E-8F92-9EF275AB35B1} = {3248DDEE-3512-431E-90EE-F020ED1B643B}
		{9CE965B4-B85B-4A02-BA52-670D4A64C089} = {02EA681E-C7D8-13C7-8484-4AC65E1B71E8}
		{0FB326B6-92C2-4AED-BAA9-A0C9EE1990DF} = {02EA681E-C7D8-13C7-8484-4AC65E1B71E8}
		{5F41401B-912A-4296-B6D9-F0141E7AF934} = {02EA681E-C7D8-13C7-8484-4AC65E1B71E8}
		{459BE92F-A296-4A87-8F3E-A62321689581} = {02EA681E-C7D8-13C7-8484-4AC65E1B71E8}
		{B55340FF-4CE5-43EE-BA9D-2242BE74BF5E} = {8936FFD4-B539-4F6A-A93E-4AFA853EF2C1}
		{1BFB522A-E78D-4A56-AE74-4E62BAEF1941} = {8936FFD4-B539-4F6A-A93E-4AFA853EF2C1}
		{2995FEAC-C0DE-4F1B-8BC1-8582295A196B} = {8936FFD4-B539-4F6A-A93E-4AFA853EF2C1}
		{8B6C8B10-4B1D-45DF-A0F1-C6D33252B27F} = {8936FFD4-B539-4F6A-A93E-4AFA853EF2C1}
		{3222E380-A0BC-4A17-A43C-4D499B385FCF} = {8936FFD4-B539-4F6A-A93E-4AFA853EF2C1}
		{EA69DB04-865C-4B0F-9077-59DA62925723} = {C0201EAE-862F-42E6-9DB1-020A6FD6A483}
	EndGlobalSection
	GlobalSection(ExtensibilityGlobals) = postSolution
		SolutionGuid = {FA16DF68-D409-4848-8D5E-36F2FBF476DA}
	EndGlobalSection
EndGlobal
